<?xml version="1.0" encoding="utf-8"?>
<Project ToolsVersion="4.0" xmlns="http://schemas.microsoft.com/developer/msbuild/2003">
  <ItemGroup>
    <Filter Include="Source Files">
      <UniqueIdentifier>{1980671a-be52-4154-97aa-0852699390d3}</UniqueIdentifier>
      <Extensions>cpp;c;cxx;rc;def;r;odl;idl;hpj;bat</Extensions>
    </Filter>
    <Filter Include="Header Files">
      <UniqueIdentifier>{77308cd6-3038-4f93-894c-59f6a7b70f14}</UniqueIdentifier>
      <Extensions>h;hpp;hxx;hm;inl</Extensions>
    </Filter>
    <Filter Include="Resource Files">
      <UniqueIdentifier>{3b7fb28f-423e-437d-a2df-43a18a2bac7a}</UniqueIdentifier>
      <Extensions>ico;cur;bmp;dlg;rc2;rct;bin;rgs;gif;jpg;jpeg;jpe</Extensions>
    </Filter>
  </ItemGroup>
  <ItemGroup>
    <ClCompile Include="GDIPClock.cpp">
      <Filter>Source Files</Filter>
    </ClCompile>
    <ClCompile Include="GDIPClockDlg.cpp">
      <Filter>Source Files</Filter>
    </ClCompile>
    <ClCompile Include="HSGraphics.cpp">
      <Filter>Source Files</Filter>
    </ClCompile>
    <ClCompile Include="HSMenu.cpp">
      <Filter>Source Files</Filter>
    </ClCompile>
    <ClCompile Include="SetDlg.cpp">
      <Filter>Source Files</Filter>
    </ClCompile>
    <ClCompile Include="StdAfx.cpp">
      <Filter>Source Files</Filter>
    </ClCompile>
  </ItemGroup>
  <ItemGroup>
    <ResourceCompile Include="GDIPClock.rc">
      <Filter>Source Files</Filter>
    </ResourceCompile>
  </ItemGroup>
  <ItemGroup>
    <ClInclude Include="GDIPClock.h">
      <Filter>Header Files</Filter>
    </ClInclude>
    <ClInclude Include="GDIPClockDlg.h">
      <Filter>Header Files</Filter>
    </ClInclude>
    <ClInclude Include="HSGraphics.h">
      <Filter>Header Files</Filter>
    </ClInclude>
    <ClInclude Include="HSMenu.h">
      <Filter>Header Files</Filter>
    </ClInclude>
    <ClInclude Include="Resource.h">
      <Filter>Header Files</Filter>
    </ClInclude>
    <ClInclude Include="SetDlg.h">
      <Filter>Header Files</Filter>
    </ClInclude>
    <ClInclude Include="StdAfx.h">
      <Filter>Header Files</Filter>
    </ClInclude>
  </ItemGroup>
  <ItemGroup>
    <None Include="res\bitmap1.bmp">
      <Filter>Resource Files</Filter>
    </None>
    <None Include="res\CLOCK06.ICO">
      <Filter>Resource Files</Filter>
    </None>
    <None Include="res\GDIPClock.ico">
      <Filter>Resource Files</Filter>
    </None>
    <None Include="res\GDIPClock.rc2">
      <Filter>Resource Files</Filter>
    </None>
    <None Include="res\GDIPClock1.ico">
      <Filter>Resource Files</Filter>
    </None>
    <None Include="res\icon1.ico">
      <Filter>Resource Files</Filter>
    </None>
    <None Include="ClockBack.png" />
    <None Include="ClockBackchain.png" />
    <None Include="res\ClockBackchain1.png" />
    <None Include="ClockBackchain1.png" />
    <None Include="Clockhour.png" />
    <None Include="Clockmin.png" />
    <None Include="Clocksec.png" />
    <None Include="res\DigitNUM.png" />
    <None Include="res\J0305493.WMF" />
    <None Include="ReadMe.txt" />
  </ItemGroup>
</Project>